
Microsoft Visual Studio Solution File, Format Version 12.00
# Visual Studio Version 17
VisualStudioVersion = 17.0.31903.59
MinimumVisualStudioVersion = 10.0.40219.1
Project("{2150E333-8FDC-42A3-9474-1A3956D46DE8}") = "src", "src", "{827E0CD3-B72D-47B6-A68D-7590B98EB39B}"
EndProject
Project("{FAE04EC0-301F-11D3-BF4B-00C04F79EFBC}") = "Oficina.Dominio", "src\Oficina.Dominio\Oficina.Dominio.csproj", "{DC5FF82C-0874-4061-8D62-9FCAD22211A2}"
EndProject
Project("{FAE04EC0-301F-11D3-BF4B-00C04F79EFBC}") = "Oficina.Aplicacao", "src\Oficina.Aplicacao\Oficina.Aplicacao.csproj", "{D4C77EE2-F8BF-4A8D-B6F2-BF74EC32EB60}"
EndProject
Project("{FAE04EC0-301F-11D3-BF4B-00C04F79EFBC}") = "Oficina.Infraestrutura", "src\Oficina.Infraestrutura\Oficina.Infraestrutura.csproj", "{D2206F13-7AA4-49D5-A7EA-31DB86FF674F}"
EndProject
Project("{FAE04EC0-301F-11D3-BF4B-00C04F79EFBC}") = "Oficina.Api", "src\Oficina.Api\Oficina.Api.csproj", "{FD26E616-88DD-4A3D-A973-383BD8741ED6}"
EndProject
Project("{2150E333-8FDC-42A3-9474-1A3956D46DE8}") = "tests", "tests", "{0AB3BF05-4346-4AA6-1389-037BE0695223}"
EndProject
Project("{FAE04EC0-301F-11D3-BF4B-00C04F79EFBC}") = "Oficina.Dominio.Testes", "tests\Oficina.Dominio.Testes\Oficina.Dominio.Testes.csproj", "{0AC83B10-F430-48E8-B529-0CA901F3F6AF}"
EndProject
Project("{FAE04EC0-301F-11D3-BF4B-00C04F79EFBC}") = "Oficina.Aplicacao.Testes", "tests\Oficina.Aplicacao.Testes\Oficina.Aplicacao.Testes.csproj", "{AD3F9245-637C-46E4-9CCB-3A89678FE5F5}"
EndProject
Project("{FAE04EC0-301F-11D3-BF4B-00C04F79EFBC}") = "Oficina.Integracao.Testes", "tests\Oficina.Integracao.Testes\Oficina.Integracao.Testes.csproj", "{9F061A1A-C174-4577-AD96-F985DBDDBB35}"
EndProject
Project("{FAE04EC0-301F-11D3-BF4B-00C04F79EFBC}") = "Oficina.Adaptadores", "src\Oficina.Adaptadores\Oficina.Adaptadores.csproj", "{41712BA4-2BD4-4CBB-8DA7-50F832493D52}"
EndProject
Project("{FAE04EC0-301F-11D3-BF4B-00C04F79EFBC}") = "Oficina.Adaptadores.Testes", "tests\Oficina.Adaptadores.Testes\Oficina.Adaptadores.Testes.csproj", "{2B4FA273-8284-4A28-8B0B-04C298A5AC6F}"
EndProject
Project("{FAE04EC0-301F-11D3-BF4B-00C04F79EFBC}") = "Oficina.Infraestrutura.Testes", "tests\Oficina.Infraestrutura.Testes\Oficina.Infraestrutura.Testes.csproj", "{96494F70-5FE4-4253-B481-470388C76889}"
EndProject
Global
	GlobalSection(SolutionConfigurationPlatforms) = preSolution
		Debug|Any CPU = Debug|Any CPU
		Debug|x64 = Debug|x64
		Debug|x86 = Debug|x86
		Release|Any CPU = Release|Any CPU
		Release|x64 = Release|x64
		Release|x86 = Release|x86
	EndGlobalSection
	GlobalSection(ProjectConfigurationPlatforms) = postSolution
		{DC5FF82C-0874-4061-8D62-9FCAD22211A2}.Debug|Any CPU.ActiveCfg = Debug|Any CPU
		{DC5FF82C-0874-4061-8D62-9FCAD22211A2}.Debug|Any CPU.Build.0 = Debug|Any CPU
		{DC5FF82C-0874-4061-8D62-9FCAD22211A2}.Debug|x64.ActiveCfg = Debug|Any CPU
		{DC5FF82C-0874-4061-8D62-9FCAD22211A2}.Debug|x64.Build.0 = Debug|Any CPU
		{DC5FF82C-0874-4061-8D62-9FCAD22211A2}.Debug|x86.ActiveCfg = Debug|Any CPU
		{DC5FF82C-0874-4061-8D62-9FCAD22211A2}.Debug|x86.Build.0 = Debug|Any CPU
		{DC5FF82C-0874-4061-8D62-9FCAD22211A2}.Release|Any CPU.ActiveCfg = Release|Any CPU
		{DC5FF82C-0874-4061-8D62-9FCAD22211A2}.Release|Any CPU.Build.0 = Release|Any CPU
		{DC5FF82C-0874-4061-8D62-9FCAD22211A2}.Release|x64.ActiveCfg = Release|Any CPU
		{DC5FF82C-0874-4061-8D62-9FCAD22211A2}.Release|x64.Build.0 = Release|Any CPU
		{DC5FF82C-0874-4061-8D62-9FCAD22211A2}.Release|x86.ActiveCfg = Release|Any CPU
		{DC5FF82C-0874-4061-8D62-9FCAD22211A2}.Release|x86.Build.0 = Release|Any CPU
		{D4C77EE2-F8BF-4A8D-B6F2-BF74EC32EB60}.Debug|Any CPU.ActiveCfg = Debug|Any CPU
		{D4C77EE2-F8BF-4A8D-B6F2-BF74EC32EB60}.Debug|Any CPU.Build.0 = Debug|Any CPU
		{D4C77EE2-F8BF-4A8D-B6F2-BF74EC32EB60}.Debug|x64.ActiveCfg = Debug|Any CPU
		{D4C77EE2-F8BF-4A8D-B6F2-BF74EC32EB60}.Debug|x64.Build.0 = Debug|Any CPU
		{D4C77EE2-F8BF-4A8D-B6F2-BF74EC32EB60}.Debug|x86.ActiveCfg = Debug|Any CPU
		{D4C77EE2-F8BF-4A8D-B6F2-BF74EC32EB60}.Debug|x86.Build.0 = Debug|Any CPU
		{D4C77EE2-F8BF-4A8D-B6F2-BF74EC32EB60}.Release|Any CPU.ActiveCfg = Release|Any CPU
		{D4C77EE2-F8BF-4A8D-B6F2-BF74EC32EB60}.Release|Any CPU.Build.0 = Release|Any CPU
		{D4C77EE2-F8BF-4A8D-B6F2-BF74EC32EB60}.Release|x64.ActiveCfg = Release|Any CPU
		{D4C77EE2-F8BF-4A8D-B6F2-BF74EC32EB60}.Release|x64.Build.0 = Release|Any CPU
		{D4C77EE2-F8BF-4A8D-B6F2-BF74EC32EB60}.Release|x86.ActiveCfg = Release|Any CPU
		{D4C77EE2-F8BF-4A8D-B6F2-BF74EC32EB60}.Release|x86.Build.0 = Release|Any CPU
		{D2206F13-7AA4-49D5-A7EA-31DB86FF674F}.Debug|Any CPU.ActiveCfg = Debug|Any CPU
		{D2206F13-7AA4-49D5-A7EA-31DB86FF674F}.Debug|Any CPU.Build.0 = Debug|Any CPU
		{D2206F13-7AA4-49D5-A7EA-31DB86FF674F}.Debug|x64.ActiveCfg = Debug|Any CPU
		{D2206F13-7AA4-49D5-A7EA-31DB86FF674F}.Debug|x64.Build.0 = Debug|Any CPU
		{D2206F13-7AA4-49D5-A7EA-31DB86FF674F}.Debug|x86.ActiveCfg = Debug|Any CPU
		{D2206F13-7AA4-49D5-A7EA-31DB86FF674F}.Debug|x86.Build.0 = Debug|Any CPU
		{D2206F13-7AA4-49D5-A7EA-31DB86FF674F}.Release|Any CPU.ActiveCfg = Release|Any CPU
		{D2206F13-7AA4-49D5-A7EA-31DB86FF674F}.Release|Any CPU.Build.0 = Release|Any CPU
		{D2206F13-7AA4-49D5-A7EA-31DB86FF674F}.Release|x64.ActiveCfg = Release|Any CPU
		{D2206F13-7AA4-49D5-A7EA-31DB86FF674F}.Release|x64.Build.0 = Release|Any CPU
		{D2206F13-7AA4-49D5-A7EA-31DB86FF674F}.Release|x86.ActiveCfg = Release|Any CPU
		{D2206F13-7AA4-49D5-A7EA-31DB86FF674F}.Release|x86.Build.0 = Release|Any CPU
		{FD26E616-88DD-4A3D-A973-383BD8741ED6}.Debug|Any CPU.ActiveCfg = Debug|Any CPU
		{FD26E616-88DD-4A3D-A973-383BD8741ED6}.Debug|Any CPU.Build.0 = Debug|Any CPU
		{FD26E616-88DD-4A3D-A973-383BD8741ED6}.Debug|x64.ActiveCfg = Debug|Any CPU
		{FD26E616-88DD-4A3D-A973-383BD8741ED6}.Debug|x64.Build.0 = Debug|Any CPU
		{FD26E616-88DD-4A3D-A973-383BD8741ED6}.Debug|x86.ActiveCfg = Debug|Any CPU
		{FD26E616-88DD-4A3D-A973-383BD8741ED6}.Debug|x86.Build.0 = Debug|Any CPU
		{FD26E616-88DD-4A3D-A973-383BD8741ED6}.Release|Any CPU.ActiveCfg = Release|Any CPU
		{FD26E616-88DD-4A3D-A973-383BD8741ED6}.Release|Any CPU.Build.0 = Release|Any CPU
		{FD26E616-88DD-4A3D-A973-383BD8741ED6}.Release|x64.ActiveCfg = Release|Any CPU
		{FD26E616-88DD-4A3D-A973-383BD8741ED6}.Release|x64.Build.0 = Release|Any CPU
		{FD26E616-88DD-4A3D-A973-383BD8741ED6}.Release|x86.ActiveCfg = Release|Any CPU
		{FD26E616-88DD-4A3D-A973-383BD8741ED6}.Release|x86.Build.0 = Release|Any CPU
		{0AC83B10-F430-48E8-B529-0CA901F3F6AF}.Debug|Any CPU.ActiveCfg = Debug|Any CPU
		{0AC83B10-F430-48E8-B529-0CA901F3F6AF}.Debug|Any CPU.Build.0 = Debug|Any CPU
		{0AC83B10-F430-48E8-B529-0CA901F3F6AF}.Debug|x64.ActiveCfg = Debug|Any CPU
		{0AC83B10-F430-48E8-B529-0CA901F3F6AF}.Debug|x64.Build.0 = Debug|Any CPU
		{0AC83B10-F430-48E8-B529-0CA901F3F6AF}.Debug|x86.ActiveCfg = Debug|Any CPU
		{0AC83B10-F430-48E8-B529-0CA901F3F6AF}.Debug|x86.Build.0 = Debug|Any CPU
		{0AC83B10-F430-48E8-B529-0CA901F3F6AF}.Release|Any CPU.ActiveCfg = Release|Any CPU
		{0AC83B10-F430-48E8-B529-0CA901F3F6AF}.Release|Any CPU.Build.0 = Release|Any CPU
		{0AC83B10-F430-48E8-B529-0CA901F3F6AF}.Release|x64.ActiveCfg = Release|Any CPU
		{0AC83B10-F430-48E8-B529-0CA901F3F6AF}.Release|x64.Build.0 = Release|Any CPU
		{0AC83B10-F430-48E8-B529-0CA901F3F6AF}.Release|x86.ActiveCfg = Release|Any CPU
		{0AC83B10-F430-48E8-B529-0CA901F3F6AF}.Release|x86.Build.0 = Release|Any CPU
		{AD3F9245-637C-46E4-9CCB-3A89678FE5F5}.Debug|Any CPU.ActiveCfg = Debug|Any CPU
		{AD3F9245-637C-46E4-9CCB-3A89678FE5F5}.Debug|Any CPU.Build.0 = Debug|Any CPU
		{AD3F9245-637C-46E4-9CCB-3A89678FE5F5}.Debug|x64.ActiveCfg = Debug|Any CPU
		{AD3F9245-637C-46E4-9CCB-3A89678FE5F5}.Debug|x64.Build.0 = Debug|Any CPU
		{AD3F9245-637C-46E4-9CCB-3A89678FE5F5}.Debug|x86.ActiveCfg = Debug|Any CPU
		{AD3F9245-637C-46E4-9CCB-3A89678FE5F5}.Debug|x86.Build.0 = Debug|Any CPU
		{AD3F9245-637C-46E4-9CCB-3A89678FE5F5}.Release|Any CPU.ActiveCfg = Release|Any CPU
		{AD3F9245-637C-46E4-9CCB-3A89678FE5F5}.Release|Any CPU.Build.0 = Release|Any CPU
		{AD3F9245-637C-46E4-9CCB-3A89678FE5F5}.Release|x64.ActiveCfg = Release|Any CPU
		{AD3F9245-637C-46E4-9CCB-3A89678FE5F5}.Release|x64.Build.0 = Release|Any CPU
		{AD3F9245-637C-46E4-9CCB-3A89678FE5F5}.Release|x86.ActiveCfg = Release|Any CPU
		{AD3F9245-637C-46E4-9CCB-3A89678FE5F5}.Release|x86.Build.0 = Release|Any CPU
		{9F061A1A-C174-4577-AD96-F985DBDDBB35}.Debug|Any CPU.ActiveCfg = Debug|Any CPU
		{9F061A1A-C174-4577-AD96-F985DBDDBB35}.Debug|Any CPU.Build.0 = Debug|Any CPU
		{9F061A1A-C174-4577-AD96-F985DBDDBB35}.Debug|x64.ActiveCfg = Debug|Any CPU
		{9F061A1A-C174-4577-AD96-F985DBDDBB35}.Debug|x64.Build.0 = Debug|Any CPU
		{9F061A1A-C174-4577-AD96-F985DBDDBB35}.Debug|x86.ActiveCfg = Debug|Any CPU
		{9F061A1A-C174-4577-AD96-F985DBDDBB35}.Debug|x86.Build.0 = Debug|Any CPU
		{9F061A1A-C174-4577-AD96-F985DBDDBB35}.Release|Any CPU.ActiveCfg = Release|Any CPU
		{9F061A1A-C174-4577-AD96-F985DBDDBB35}.Release|Any CPU.Build.0 = Release|Any CPU
		{9F061A1A-C174-4577-AD96-F985DBDDBB35}.Release|x64.ActiveCfg = Release|Any CPU
		{9F061A1A-C174-4577-AD96-F985DBDDBB35}.Release|x64.Build.0 = Release|Any CPU
		{9F061A1A-C174-4577-AD96-F985DBDDBB35}.Release|x86.ActiveCfg = Release|Any CPU
		{9F061A1A-C174-4577-AD96-F985DBDDBB35}.Release|x86.Build.0 = Release|Any CPU
		{41712BA4-2BD4-4CBB-8DA7-50F832493D52}.Debug|Any CPU.ActiveCfg = Debug|Any CPU
		{41712BA4-2BD4-4CBB-8DA7-50F832493D52}.Debug|Any CPU.Build.0 = Debug|Any CPU
		{41712BA4-2BD4-4CBB-8DA7-50F832493D52}.Debug|x64.ActiveCfg = Debug|Any CPU
		{41712BA4-2BD4-4CBB-8DA7-50F832493D52}.Debug|x64.Build.0 = Debug|Any CPU
		{41712BA4-2BD4-4CBB-8DA7-50F832493D52}.Debug|x86.ActiveCfg = Debug|Any CPU
		{41712BA4-2BD4-4CBB-8DA7-50F832493D52}.Debug|x86.Build.0 = Debug|Any CPU
		{41712BA4-2BD4-4CBB-8DA7-50F832493D52}.Release|Any CPU.ActiveCfg = Release|Any CPU
		{41712BA4-2BD4-4CBB-8DA7-50F832493D52}.Release|Any CPU.Build.0 = Release|Any CPU
		{41712BA4-2BD4-4CBB-8DA7-50F832493D52}.Release|x64.ActiveCfg = Release|Any CPU
		{41712BA4-2BD4-4CBB-8DA7-50F832493D52}.Release|x64.Build.0 = Release|Any CPU
		{41712BA4-2BD4-4CBB-8DA7-50F832493D52}.Release|x86.ActiveCfg = Release|Any CPU
		{41712BA4-2BD4-4CBB-8DA7-50F832493D52}.Release|x86.Build.0 = Release|Any CPU
		{2B4FA273-8284-4A28-8B0B-04C298A5AC6F}.Debug|Any CPU.ActiveCfg = Debug|Any CPU
		{2B4FA273-8284-4A28-8B0B-04C298A5AC6F}.Debug|Any CPU.Build.0 = Debug|Any CPU
		{2B4FA273-8284-4A28-8B0B-04C298A5AC6F}.Debug|x64.ActiveCfg = Debug|Any CPU
		{2B4FA273-8284-4A28-8B0B-04C298A5AC6F}.Debug|x64.Build.0 = Debug|Any CPU
		{2B4FA273-8284-4A28-8B0B-04C298A5AC6F}.Debug|x86.ActiveCfg = Debug|Any CPU
		{2B4FA273-8284-4A28-8B0B-04C298A5AC6F}.Debug|x86.Build.0 = Debug|Any CPU
		{2B4FA273-8284-4A28-8B0B-04C298A5AC6F}.Release|Any CPU.ActiveCfg = Release|Any CPU
		{2B4FA273-8284-4A28-8B0B-04C298A5AC6F}.Release|Any CPU.Build.0 = Release|Any CPU
		{2B4FA273-8284-4A28-8B0B-04C298A5AC6F}.Release|x64.ActiveCfg = Release|Any CPU
		{2B4FA273-8284-4A28-8B0B-04C298A5AC6F}.Release|x64.Build.0 = Release|Any CPU
		{2B4FA273-8284-4A28-8B0B-04C298A5AC6F}.Release|x86.ActiveCfg = Release|Any CPU
		{2B4FA273-8284-4A28-8B0B-04C298A5AC6F}.Release|x86.Build.0 = Release|Any CPU
		{96494F70-5FE4-4253-B481-470388C76889}.Debug|Any CPU.ActiveCfg = Debug|Any CPU
		{96494F70-5FE4-4253-B481-470388C76889}.Debug|Any CPU.Build.0 = Debug|Any CPU
		{96494F70-5FE4-4253-B481-470388C76889}.Debug|x64.ActiveCfg = Debug|Any CPU
		{96494F70-5FE4-4253-B481-470388C76889}.Debug|x64.Build.0 = Debug|Any CPU
		{96494F70-5FE4-4253-B481-470388C76889}.Debug|x86.ActiveCfg = Debug|Any CPU
		{96494F70-5FE4-4253-B481-470388C76889}.Debug|x86.Build.0 = Debug|Any CPU
		{96494F70-5FE4-4253-B481-470388C76889}.Release|Any CPU.ActiveCfg = Release|Any CPU
		{96494F70-5FE4-4253-B481-470388C76889}.Release|Any CPU.Build.0 = Release|Any CPU
		{96494F70-5FE4-4253-B481-470388C76889}.Release|x64.ActiveCfg = Release|Any CPU
		{96494F70-5FE4-4253-B481-470388C76889}.Release|x64.Build.0 = Release|Any CPU
		{96494F70-5FE4-4253-B481-470388C76889}.Release|x86.ActiveCfg = Release|Any CPU
		{96494F70-5FE4-4253-B481-470388C76889}.Release|x86.Build.0 = Release|Any CPU
	EndGlobalSection
	GlobalSection(SolutionProperties) = preSolution
		HideSolutionNode = FALSE
	EndGlobalSection
	GlobalSection(NestedProjects) = preSolution
		{DC5FF82C-0874-4061-8D62-9FCAD22211A2} = {827E0CD3-B72D-47B6-A68D-7590B98EB39B}
		{D4C77EE2-F8BF-4A8D-B6F2-BF74EC32EB60} = {827E0CD3-B72D-47B6-A68D-7590B98EB39B}
		{D2206F13-7AA4-49D5-A7EA-31DB86FF674F} = {827E0CD3-B72D-47B6-A68D-7590B98EB39B}
		{FD26E616-88DD-4A3D-A973-383BD8741ED6} = {827E0CD3-B72D-47B6-A68D-7590B98EB39B}
		{0AC83B10-F430-48E8-B529-0CA901F3F6AF} = {0AB3BF05-4346-4AA6-1389-037BE0695223}
		{AD3F9245-637C-46E4-9CCB-3A89678FE5F5} = {0AB3BF05-4346-4AA6-1389-037BE0695223}
		{9F061A1A-C174-4577-AD96-F985DBDDBB35} = {0AB3BF05-4346-4AA6-1389-037BE0695223}
		{41712BA4-2BD4-4CBB-8DA7-50F832493D52} = {827E0CD3-B72D-47B6-A68D-7590B98EB39B}
		{2B4FA273-8284-4A28-8B0B-04C298A5AC6F} = {0AB3BF05-4346-4AA6-1389-037BE0695223}
		{96494F70-5FE4-4253-B481-470388C76889} = {0AB3BF05-4346-4AA6-1389-037BE0695223}
	EndGlobalSection
EndGlobal
